# This file is automatically @generated by Cargo.
# It is not intended for manual editing.
version = 4

[[package]]
name = "swiitx-cli"
version = "0.1.0"
dependencies = [
 "swiitx-loader-title",
]

[[package]]
name = "swiitx-loader-content"
version = "0.1.0"
dependencies = [
 "swiitx-loader-storage",
]

[[package]]
name = "swiitx-loader-executable"
version = "0.1.0"
dependencies = [
 "swiitx-loader-storage",
]

[[package]]
name = "swiitx-loader-storage"
version = "0.1.0"

[[package]]
name = "swiitx-loader-title"
version = "0.1.0"
dependencies = [
 "swiitx-loader-content",
 "swiitx-loader-storage",
]
